// !$*UTF8*$!
{
	archiveVersion = 1;
	classes = {
	};
	objectVersion = 50;
	objects = {

/* Begin PBXBuildFile section */
		8D791B51228ECE1A00236665 /* AppDelegate.swift in Sources */ = {isa = PBXBuildFile; fileRef = 8D791B50228ECE1A00236665 /* AppDelegate.swift */; };
		8D791B53228ECE1A00236665 /* ViewController.swift in Sources */ = {isa = PBXBuildFile; fileRef = 8D791B52228ECE1A00236665 /* ViewController.swift */; };
		8D791B56228ECE1A00236665 /* Main.storyboard in Resources */ = {isa = PBXBuildFile; fileRef = 8D791B54228ECE1A00236665 /* Main.storyboard */; };
		8D791B58228ECE1F00236665 /* Assets.xcassets in Resources */ = {isa = PBXBuildFile; fileRef = 8D791B57228ECE1F00236665 /* Assets.xcassets */; };
		8D791B5B228ECE1F00236665 /* LaunchScreen.storyboard in Resources */ = {isa = PBXBuildFile; fileRef = 8D791B59228ECE1F00236665 /* LaunchScreen.storyboard */; };
		8D791B79228ECEE500236665 /* userndotIos.framework in Frameworks */ = {isa = PBXBuildFile; fileRef = 8D791B78228ECEE500236665 /* userndotIos.framework */; };
		8D791B7A228ECEF700236665 /* userndotIos.framework in Frameworks */ = {isa = PBXBuildFile; fileRef = 8D791B78228ECEE500236665 /* userndotIos.framework */; };
		8D791B7B228ECEF700236665 /* userndotIos.framework in Embed Frameworks */ = {isa = PBXBuildFile; fileRef = 8D791B78228ECEE500236665 /* userndotIos.framework */; settings = {ATTRIBUTES = (CodeSignOnCopy, RemoveHeadersOnCopy, ); }; };
/* End PBXBuildFile section */

/* Begin PBXContainerItemProxy section */
		8D791B9B228ED10B00236665 /* PBXContainerItemProxy */ = {
			isa = PBXContainerItemProxy;
			containerPortal = 8D791B90228ED10B00236665 /* SwiftyJSON.xcodeproj */;
			proxyType = 2;
			remoteGlobalIDString = 2E4FEFDB19575BE100351305;
			remoteInfo = "SwiftyJSON iOS";
		};
		8D791B9D228ED10B00236665 /* PBXContainerItemProxy */ = {
			isa = PBXContainerItemProxy;
			containerPortal = 8D791B90228ED10B00236665 /* SwiftyJSON.xcodeproj */;
			proxyType = 2;
			remoteGlobalIDString = 2E4FEFE619575BE100351305;
			remoteInfo = "SwiftyJSON iOS Tests";
		};
		8D791B9F228ED10B00236665 /* PBXContainerItemProxy */ = {
			isa = PBXContainerItemProxy;
			containerPortal = 8D791B90228ED10B00236665 /* SwiftyJSON.xcodeproj */;
			proxyType = 2;
			remoteGlobalIDString = 9C7DFC5B1A9102BD005AA3F7;
			remoteInfo = "SwiftyJSON macOS";
		};
		8D791BA1228ED10B00236665 /* PBXContainerItemProxy */ = {
			isa = PBXContainerItemProxy;
			containerPortal = 8D791B90228ED10B00236665 /* SwiftyJSON.xcodeproj */;
			proxyType = 2;
			remoteGlobalIDString = 9C7DFC651A9102BD005AA3F7;
			remoteInfo = "SwiftyJSON macOS Tests";
		};
		8D791BA3228ED10B00236665 /* PBXContainerItemProxy */ = {
			isa = PBXContainerItemProxy;
			containerPortal = 8D791B90228ED10B00236665 /* SwiftyJSON.xcodeproj */;
			proxyType = 2;
			remoteGlobalIDString = E4D7CCE81B9465A700EE7221;
			remoteInfo = "SwiftyJSON watchOS";
		};
		8D791BA5228ED10B00236665 /* PBXContainerItemProxy */ = {
			isa = PBXContainerItemProxy;
			containerPortal = 8D791B90228ED10B00236665 /* SwiftyJSON.xcodeproj */;
			proxyType = 2;
			remoteGlobalIDString = 7236B4F61BAC14150020529B;
			remoteInfo = "SwiftyJSON tvOS";
		};
		8D791BA7228ED10B00236665 /* PBXContainerItemProxy */ = {
			isa = PBXContainerItemProxy;
			containerPortal = 8D791B90228ED10B00236665 /* SwiftyJSON.xcodeproj */;
			proxyType = 2;
			remoteGlobalIDString = A8580F741BCF5C5B00DA927B;
			remoteInfo = "SwiftyJSON tvOS Tests";
		};
/* End PBXContainerItemProxy section */

/* Begin PBXCopyFilesBuildPhase section */
		8D791B7C228ECEF700236665 /* Embed Frameworks */ = {
			isa = PBXCopyFilesBuildPhase;
			buildActionMask = 2147483647;
			dstPath = "";
			dstSubfolderSpec = 10;
			files = (
				8D791B7B228ECEF700236665 /* userndotIos.framework in Embed Frameworks */,
			);
			name = "Embed Frameworks";
			runOnlyForDeploymentPostprocessing = 0;
		};
/* End PBXCopyFilesBuildPhase section */

/* Begin PBXFileReference section */
		8D791B4D228ECE1A00236665 /* iosTesting.app */ = {isa = PBXFileReference; explicitFileType = wrapper.application; includeInIndex = 0; path = iosTesting.app; sourceTree = BUILT_PRODUCTS_DIR; };
		8D791B50228ECE1A00236665 /* AppDelegate.swift */ = {isa = PBXFileReference; lastKnownFileType = sourcecode.swift; path = AppDelegate.swift; sourceTree = "<group>"; };
		8D791B52228ECE1A00236665 /* ViewController.swift */ = {isa = PBXFileReference; lastKnownFileType = sourcecode.swift; path = ViewController.swift; sourceTree = "<group>"; };
		8D791B55228ECE1A00236665 /* Base */ = {isa = PBXFileReference; lastKnownFileType = file.storyboard; name = Base; path = Base.lproj/Main.storyboard; sourceTree = "<group>"; };
		8D791B57228ECE1F00236665 /* Assets.xcassets */ = {isa = PBXFileReference; lastKnownFileType = folder.assetcatalog; path = Assets.xcassets; sourceTree = "<group>"; };
		8D791B5A228ECE1F00236665 /* Base */ = {isa = PBXFileReference; lastKnownFileType = file.storyboard; name = Base; path = Base.lproj/LaunchScreen.storyboard; sourceTree = "<group>"; };
		8D791B5C228ECE1F00236665 /* Info.plist */ = {isa = PBXFileReference; lastKnownFileType = text.plist.xml; path = Info.plist; sourceTree = "<group>"; };
		8D791B78228ECEE500236665 /* userndotIos.framework */ = {isa = PBXFileReference; explicitFileType = wrapper.framework; path = userndotIos.framework; sourceTree = BUILT_PRODUCTS_DIR; };
		8D791B90228ED10B00236665 /* SwiftyJSON.xcodeproj */ = {isa = PBXFileReference; lastKnownFileType = "wrapper.pb-project"; name = SwiftyJSON.xcodeproj; path = "../../../../../Desktop/SwiftyJSON-master 2/SwiftyJSON.xcodeproj"; sourceTree = "<group>"; };
/* End PBXFileReference section */

/* Begin PBXFrameworksBuildPhase section */
		8D791B4A228ECE1A00236665 /* Frameworks */ = {
			isa = PBXFrameworksBuildPhase;
			buildActionMask = 2147483647;
			files = (
				8D791B7A228ECEF700236665 /* userndotIos.framework in Frameworks */,
				8D791B79228ECEE500236665 /* userndotIos.framework in Frameworks */,
			);
			runOnlyForDeploymentPostprocessing = 0;
		};
/* End PBXFrameworksBuildPhase section */

/* Begin PBXGroup section */
		8D791B44228ECE1A00236665 = {
			isa = PBXGroup;
			children = (
				8D791B4F228ECE1A00236665 /* iosTesting */,
				8D791B4E228ECE1A00236665 /* Products */,
				8D791B77228ECEE500236665 /* Frameworks */,
			);
			sourceTree = "<group>";
		};
		8D791B4E228ECE1A00236665 /* Products */ = {
			isa = PBXGroup;
			children = (
				8D791B4D228ECE1A00236665 /* iosTesting.app */,
			);
			name = Products;
			sourceTree = "<group>";
		};
		8D791B4F228ECE1A00236665 /* iosTesting */ = {
			isa = PBXGroup;
			children = (
				8D791B50228ECE1A00236665 /* AppDelegate.swift */,
				8D791B52228ECE1A00236665 /* ViewController.swift */,
				8D791B54228ECE1A00236665 /* Main.storyboard */,
				8D791B57228ECE1F00236665 /* Assets.xcassets */,
				8D791B59228ECE1F00236665 /* LaunchScreen.storyboard */,
				8D791B5C228ECE1F00236665 /* Info.plist */,
			);
			path = iosTesting;
			sourceTree = "<group>";
		};
		8D791B77228ECEE500236665 /* Frameworks */ = {
			isa = PBXGroup;
			children = (
				8D791B90228ED10B00236665 /* SwiftyJSON.xcodeproj */,
				8D791B78228ECEE500236665 /* userndotIos.framework */,
			);
			name = Frameworks;
			sourceTree = "<group>";
		};
		8D791B91228ED10B00236665 /* Products */ = {
			isa = PBXGroup;
			children = (
				8D791B9C228ED10B00236665 /* SwiftyJSON.framework */,
				8D791B9E228ED10B00236665 /* SwiftyJSON iOS Tests.xctest */,
				8D791BA0228ED10B00236665 /* SwiftyJSON.framework */,
				8D791BA2228ED10B00236665 /* SwiftyJSON macOS Tests.xctest */,
				8D791BA4228ED10B00236665 /* SwiftyJSON.framework */,
				8D791BA6228ED10B00236665 /* SwiftyJSON.framework */,
				8D791BA8228ED10B00236665 /* SwiftyJSON tvOS Tests.xctest */,
			);
			name = Products;
			sourceTree = "<group>";
		};
/* End PBXGroup section */

/* Begin PBXNativeTarget section */
		8D791B4C228ECE1A00236665 /* iosTesting */ = {
			isa = PBXNativeTarget;
			buildConfigurationList = 8D791B5F228ECE1F00236665 /* Build configuration list for PBXNativeTarget "iosTesting" */;
			buildPhases = (
				8D791B49228ECE1A00236665 /* Sources */,
				8D791B4A228ECE1A00236665 /* Frameworks */,
				8D791B4B228ECE1A00236665 /* Resources */,
				8D791B7C228ECEF700236665 /* Embed Frameworks */,
			);
			buildRules = (
			);
			dependencies = (
			);
			name = iosTesting;
			productName = iosTesting;
			productReference = 8D791B4D228ECE1A00236665 /* iosTesting.app */;
			productType = "com.apple.product-type.application";
		};
/* End PBXNativeTarget section */

/* Begin PBXProject section */
		8D791B45228ECE1A00236665 /* Project object */ = {
			isa = PBXProject;
			attributes = {
				LastSwiftUpdateCheck = 1020;
				LastUpgradeCheck = 1020;
				ORGANIZATIONNAME = DigiCologies;
				TargetAttributes = {
					8D791B4C228ECE1A00236665 = {
						CreatedOnToolsVersion = 10.2;
					};
				};
			};
			buildConfigurationList = 8D791B48228ECE1A00236665 /* Build configuration list for PBXProject "iosTesting" */;
			compatibilityVersion = "Xcode 9.3";
			developmentRegion = en;
			hasScannedForEncodings = 0;
			knownRegions = (
				en,
				Base,
			);
			mainGroup = 8D791B44228ECE1A00236665;
			productRefGroup = 8D791B4E228ECE1A00236665 /* Products */;
			projectDirPath = "";
			projectReferences = (
				{
					ProductGroup = 8D791B91228ED10B00236665 /* Products */;
					ProjectRef = 8D791B90228ED10B00236665 /* SwiftyJSON.xcodeproj */;
				},
			);
			projectRoot = "";
			targets = (
				8D791B4C228ECE1A00236665 /* iosTesting */,
			);
		};
/* End PBXProject section */

/* Begin PBXReferenceProxy section */
		8D791B9C228ED10B00236665 /* SwiftyJSON.framework */ = {
			isa = PBXReferenceProxy;
			fileType = wrapper.framework;
			path = SwiftyJSON.framework;
			remoteRef = 8D791B9B228ED10B00236665 /* PBXContainerItemProxy */;
			sourceTree = BUILT_PRODUCTS_DIR;
		};
		8D791B9E228ED10B00236665 /* SwiftyJSON iOS Tests.xctest */ = {
			isa = PBXReferenceProxy;
			fileType = wrapper.cfbundle;
			path = "SwiftyJSON iOS Tests.xctest";
			remoteRef = 8D791B9D228ED10B00236665 /* PBXContainerItemProxy */;
			sourceTree = BUILT_PRODUCTS_DIR;
		};
		8D791BA0228ED10B00236665 /* SwiftyJSON.framework */ = {
			isa = PBXReferenceProxy;
			fileType = wrapper.framework;
			path = SwiftyJSON.framework;
			remoteRef = 8D791B9F228ED10B00236665 /* PBXContainerItemProxy */;
			sourceTree = BUILT_PRODUCTS_DIR;
		};
		8D791BA2228ED10B00236665 /* SwiftyJSON macOS Tests.xctest */ = {
			isa = PBXReferenceProxy;
			fileType = wrapper.cfbundle;
			path = "SwiftyJSON macOS Tests.xctest";
			remoteRef = 8D791BA1228ED10B00236665 /* PBXContainerItemProxy */;
			sourceTree = BUILT_PRODUCTS_DIR;
		};
		8D791BA4228ED10B00236665 /* SwiftyJSON.framework */ = {
			isa = PBXReferenceProxy;
			fileType = wrapper.framework;
			path = SwiftyJSON.framework;
			remoteRef = 8D791BA3228ED10B00236665 /* PBXContainerItemProxy */;
			sourceTree = BUILT_PRODUCTS_DIR;
		};
		8D791BA6228ED10B00236665 /* SwiftyJSON.framework */ = {
			isa = PBXReferenceProxy;
			fileType = wrapper.framework;
			path = SwiftyJSON.framework;
			remoteRef = 8D791BA5228ED10B00236665 /* PBXContainerItemProxy */;
			sourceTree = BUILT_PRODUCTS_DIR;
		};
		8D791BA8228ED10B00236665 /* SwiftyJSON tvOS Tests.xctest */ = {
			isa = PBXReferenceProxy;
			fileType = wrapper.cfbundle;
			path = "SwiftyJSON tvOS Tests.xctest";
			remoteRef = 8D791BA7228ED10B00236665 /* PBXContainerItemProxy */;
			sourceTree = BUILT_PRODUCTS_DIR;
		};
/* End PBXReferenceProxy section */

/* Begin PBXResourcesBuildPhase section */
		8D791B4B228ECE1A00236665 /* Resources */ = {
			isa = PBXResourcesBuildPhase;
			buildActionMask = 2147483647;
			files = (
				8D791B5B228ECE1F00236665 /* LaunchScreen.storyboard in Resources */,
				8D791B58228ECE1F00236665 /* Assets.xcassets in Resources */,
				8D791B56228ECE1A00236665 /* Main.storyboard in Resources */,
			);
			runOnlyForDeploymentPostprocessing = 0;
		};
/* End PBXResourcesBuildPhase section */

/* Begin PBXSourcesBuildPhase section */
		8D791B49228ECE1A00236665 /* Sources */ = {
			isa = PBXSourcesBuildPhase;
			buildActionMask = 2147483647;
			files = (
				8D791B53228ECE1A00236665 /* ViewController.swift in Sources */,
				8D791B51228ECE1A00236665 /* AppDelegate.swift in Sources */,
			);
			runOnlyForDeploymentPostprocessing = 0;
		};
/* End PBXSourcesBuildPhase section */

/* Begin PBXVariantGroup section */
		8D791B54228ECE1A00236665 /* Main.storyboard */ = {
			isa = PBXVariantGroup;
			children = (
				8D791B55228ECE1A00236665 /* Base */,
			);
			name = Main.storyboard;
			sourceTree = "<group>";
		};
		8D791B59228ECE1F00236665 /* LaunchScreen.storyboard */ = {
			isa = PBXVariantGroup;
			children = (
				8D791B5A228ECE1F00236665 /* Base */,
			);
			name = LaunchScreen.storyboard;
			sourceTree = "<group>";
		};
/* End PBXVariantGroup section */

/* Begin XCBuildConfiguration section */
		8D791B5D228ECE1F00236665 /* Debug */ = {
			isa = XCBuildConfiguration;
			buildSettings = {
				ALWAYS_SEARCH_USER_PATHS = NO;
				CLANG_ANALYZER_NONNULL = YES;
				CLANG_ANALYZER_NUMBER_OBJECT_CONVERSION = YES_AGGRESSIVE;
				CLANG_CXX_LANGUAGE_STANDARD = "gnu++14";
				CLANG_CXX_LIBRARY = "libc++";
				CLANG_ENABLE_MODULES = YES;
				CLANG_ENABLE_OBJC_ARC = YES;
				CLANG_ENABLE_OBJC_WEAK = YES;
				CLANG_WARN_BLOCK_CAPTURE_AUTORELEASING = YES;
				CLANG_WARN_BOOL_CONVERSION = YES;
				CLANG_WARN_COMMA = YES;
				CLANG_WARN_CONSTANT_CONVERSION = YES;
				CLANG_WARN_DEPRECATED_OBJC_IMPLEMENTATIONS = YES;
				CLANG_WARN_DIRECT_OBJC_ISA_USAGE = YES_ERROR;
				CLANG_WARN_DOCUMENTATION_COMMENTS = YES;
				CLANG_WARN_EMPTY_BODY = YES;
				CLANG_WARN_ENUM_CONVERSION = YES;
				CLANG_WARN_INFINITE_RECURSION = YES;
				CLANG_WARN_INT_CONVERSION = YES;
				CLANG_WARN_NON_LITERAL_NULL_CONVERSION = YES;
				CLANG_WARN_OBJC_IMPLICIT_RETAIN_SELF = YES;
				CLANG_WARN_OBJC_LITERAL_CONVERSION = YES;
				CLANG_WARN_OBJC_ROOT_CLASS = YES_ERROR;
				CLANG_WARN_RANGE_LOOP_ANALYSIS = YES;
				CLANG_WARN_STRICT_PROTOTYPES = YES;
				CLANG_WARN_SUSPICIOUS_MOVE = YES;
				CLANG_WARN_UNGUARDED_AVAILABILITY = YES_AGGRESSIVE;
				CLANG_WARN_UNREACHABLE_CODE = YES;
				CLANG_WARN__DUPLICATE_METHOD_MATCH = YES;
				CODE_SIGN_IDENTITY = "iPhone Developer";
				COPY_PHASE_STRIP = NO;
				DEBUG_INFORMATION_FORMAT = dwarf;
				ENABLE_STRICT_OBJC_MSGSEND = YES;
				ENABLE_TESTABILITY = YES;
				GCC_C_LANGUAGE_STANDARD = gnu11;
				GCC_DYNAMIC_NO_PIC = NO;
				GCC_NO_COMMON_BLOCKS = YES;
				GCC_OPTIMIZATION_LEVEL = 0;
				GCC_PREPROCESSOR_DEFINITIONS = (
					"DEBUG=1",
					"$(inherited)",
				);
				GCC_WARN_64_TO_32_BIT_CONVERSION = YES;
				GCC_WARN_ABOUT_RETURN_TYPE = YES_ERROR;
				GCC_WARN_UNDECLARED_SELECTOR = YES;
				GCC_WARN_UNINITIALIZED_AUTOS = YES_AGGRESSIVE;
				GCC_WARN_UNUSED_FUNCTION = YES;
				GCC_WARN_UNUSED_VARIABLE = YES;
				IPHONEOS_DEPLOYMENT_TARGET = 12.2;
				MTL_ENABLE_DEBUG_INFO = INCLUDE_SOURCE;
				MTL_FAST_MATH = YES;
				ONLY_ACTIVE_ARCH = YES;
				SDKROOT = iphoneos;
				SWIFT_ACTIVE_COMPILATION_CONDITIONS = DEBUG;
				SWIFT_OPTIMIZATION_LEVEL = "-Onone";
			};
			name = Debug;
		};
		8D791B5E228ECE1F00236665 /* Release */ = {
			isa = XCBuildConfiguration;
			buildSettings = {
				ALWAYS_SEARCH_USER_PATHS = NO;
				CLANG_ANALYZER_NONNULL = YES;
				CLANG_ANALYZER_NUMBER_OBJECT_CONVERSION = YES_AGGRESSIVE;
				CLANG_CXX_LANGUAGE_STANDARD = "gnu++14";
				CLANG_CXX_LIBRARY = "libc++";
				CLANG_ENABLE_MODULES = YES;
				CLANG_ENABLE_OBJC_ARC = YES;
				CLANG_ENABLE_OBJC_WEAK = YES;
				CLANG_WARN_BLOCK_CAPTURE_AUTORELEASING = YES;
				CLANG_WARN_BOOL_CONVERSION = YES;
				CLANG_WARN_COMMA = YES;
				CLANG_WARN_CONSTANT_CONVERSION = YES;
				CLANG_WARN_DEPRECATED_OBJC_IMPLEMENTATIONS = YES;
				CLANG_WARN_DIRECT_OBJC_ISA_USAGE = YES_ERROR;
				CLANG_WARN_DOCUMENTATION_COMMENTS = YES;
				CLANG_WARN_EMPTY_BODY = YES;
				CLANG_WARN_ENUM_CONVERSION = YES;
				CLANG_WARN_INFINITE_RECURSION = YES;
				CLANG_WARN_INT_CONVERSION = YES;
				CLANG_WARN_NON_LITERAL_NULL_CONVERSION = YES;
				CLANG_WARN_OBJC_IMPLICIT_RETAIN_SELF = YES;
				CLANG_WARN_OBJC_LITERAL_CONVERSION = YES;
				CLANG_WARN_OBJC_ROOT_CLASS = YES_ERROR;
				CLANG_WARN_RANGE_LOOP_ANALYSIS = YES;
				CLANG_WARN_STRICT_PROTOTYPES = YES;
				CLANG_WARN_SUSPICIOUS_MOVE = YES;
				CLANG_WARN_UNGUARDED_AVAILABILITY = YES_AGGRESSIVE;
				CLANG_WARN_UNREACHABLE_CODE = YES;
				CLANG_WARN__DUPLICATE_METHOD_MATCH = YES;
				CODE_SIGN_IDENTITY = "iPhone Developer";
				COPY_PHASE_STRIP = NO;
				DEBUG_INFORMATION_FORMAT = "dwarf-with-dsym";
				ENABLE_NS_ASSERTIONS = NO;
				ENABLE_STRICT_OBJC_MSGSEND = YES;
				GCC_C_LANGUAGE_STANDARD = gnu11;
				GCC_NO_COMMON_BLOCKS = YES;
				GCC_WARN_64_TO_32_BIT_CONVERSION = YES;
				GCC_WARN_ABOUT_RETURN_TYPE = YES_ERROR;
				GCC_WARN_UNDECLARED_SELECTOR = YES;
				GCC_WARN_UNINITIALIZED_AUTOS = YES_AGGRESSIVE;
				GCC_WARN_UNUSED_FUNCTION = YES;
				GCC_WARN_UNUSED_VARIABLE = YES;
				IPHONEOS_DEPLOYMENT_TARGET = 12.2;
				MTL_ENABLE_DEBUG_INFO = NO;
				MTL_FAST_MATH = YES;
				SDKROOT = iphoneos;
				SWIFT_COMPILATION_MODE = wholemodule;
				SWIFT_OPTIMIZATION_LEVEL = "-O";
				VALIDATE_PRODUCT = YES;
			};
			name = Release;
		};
		8D791B60228ECE1F00236665 /* Debug */ = {
			isa = XCBuildConfiguration;
			buildSettings = {
				ASSETCATALOG_COMPILER_APPICON_NAME = AppIcon;
				CODE_SIGN_STYLE = Automatic;
				DEVELOPMENT_TEAM = M2668MPWL2;
				INFOPLIST_FILE = iosTesting/Info.plist;
				LD_RUNPATH_SEARCH_PATHS = (
					"$(inherited)",
					"@executable_path/Frameworks",
				);
				PRODUCT_BUNDLE_IDENTIFIER = userndot.iosTesting;
				PRODUCT_NAME = "$(TARGET_NAME)";
				SWIFT_VERSION = 5.0;
				TARGETED_DEVICE_FAMILY = "1,2";
			};
			name = Debug;
		};
		8D791B61228ECE1F00236665 /* Release */ = {
			isa = XCBuildConfiguration;
			buildSettings = {
				ASSETCATALOG_COMPILER_APPICON_NAME = AppIcon;
				CODE_SIGN_STYLE = Automatic;
				DEVELOPMENT_TEAM = M2668MPWL2;
				INFOPLIST_FILE = iosTesting/Info.plist;
				LD_RUNPATH_SEARCH_PATHS = (
					"$(inherited)",
					"@executable_path/Frameworks",
				);
				PRODUCT_BUNDLE_IDENTIFIER = userndot.iosTesting;
				PRODUCT_NAME = "$(TARGET_NAME)";
				SWIFT_VERSION = 5.0;
				TARGETED_DEVICE_FAMILY = "1,2";
			};
			name = Release;
		};
/* End XCBuildConfiguration section */

/* Begin XCConfigurationList section */
		8D791B48228ECE1A00236665 /* Build configuration list for PBXProject "iosTesting" */ = {
			isa = XCConfigurationList;
			buildConfigurations = (
				8D791B5D228ECE1F00236665 /* Debug */,
				8D791B5E228ECE1F00236665 /* Release */,
			);
			defaultConfigurationIsVisible = 0;
			defaultConfigurationName = Release;
		};
		8D791B5F228ECE1F00236665 /* Build configuration list for PBXNativeTarget "iosTesting" */ = {
			isa = XCConfigurationList;
			buildConfigurations = (
				8D791B60228ECE1F00236665 /* Debug */,
				8D791B61228ECE1F00236665 /* Release */,
			);
			defaultConfigurationIsVisible = 0;
			defaultConfigurationName = Release;
		};
/* End XCConfigurationList section */
	};
	rootObject = 8D791B45228ECE1A00236665 /* Project object */;
}
